// !$*UTF8*$!
{
	archiveVersion = 1;
	classes = {
	};
	objectVersion = 46;
	objects = {

/* Begin PBXBuildFile section */
		462E433C1E4EC32F00482BD5 /* AppDelegate.swift in Sources */ = {isa = PBXBuildFile; fileRef = 462E433B1E4EC32F00482BD5 /* AppDelegate.swift */; };
		462E433E1E4EC32F00482BD5 /* ViewController.swift in Sources */ = {isa = PBXBuildFile; fileRef = 462E433D1E4EC32F00482BD5 /* ViewController.swift */; };
		462E43411E4EC32F00482BD5 /* Main.storyboard in Resources */ = {isa = PBXBuildFile; fileRef = 462E433F1E4EC32F00482BD5 /* Main.storyboard */; };
		462E43441E4EC32F00482BD5 /* headSculpture.xcdatamodeld in Sources */ = {isa = PBXBuildFile; fileRef = 462E43421E4EC32F00482BD5 /* headSculpture.xcdatamodeld */; };
		462E43461E4EC32F00482BD5 /* Assets.xcassets in Resources */ = {isa = PBXBuildFile; fileRef = 462E43451E4EC32F00482BD5 /* Assets.xcassets */; };
		462E43491E4EC32F00482BD5 /* LaunchScreen.storyboard in Resources */ = {isa = PBXBuildFile; fileRef = 462E43471E4EC32F00482BD5 /* LaunchScreen.storyboard */; };
		462E43541E4EC32F00482BD5 /* headSculptureUITests.swift in Sources */ = {isa = PBXBuildFile; fileRef = 462E43531E4EC32F00482BD5 /* headSculptureUITests.swift */; };
/* End PBXBuildFile section */

/* Begin PBXContainerItemProxy section */
		462E43501E4EC32F00482BD5 /* PBXContainerItemProxy */ = {
			isa = PBXContainerItemProxy;
			containerPortal = 462E43301E4EC32F00482BD5 /* Project object */;
			proxyType = 1;
			remoteGlobalIDString = 462E43371E4EC32F00482BD5;
			remoteInfo = headSculpture;
		};
/* End PBXContainerItemProxy section */

/* Begin PBXFileReference section */
		462E43381E4EC32F00482BD5 /* headSculpture.app */ = {isa = PBXFileReference; explicitFileType = wrapper.application; includeInIndex = 0; path = headSculpture.app; sourceTree = BUILT_PRODUCTS_DIR; };
		462E433B1E4EC32F00482BD5 /* AppDelegate.swift */ = {isa = PBXFileReference; lastKnownFileType = sourcecode.swift; path = AppDelegate.swift; sourceTree = "<group>"; };
		462E433D1E4EC32F00482BD5 /* ViewController.swift */ = {isa = PBXFileReference; lastKnownFileType = sourcecode.swift; path = ViewController.swift; sourceTree = "<group>"; };
		462E43401E4EC32F00482BD5 /* Base */ = {isa = PBXFileReference; lastKnownFileType = file.storyboard; name = Base; path = Base.lproj/Main.storyboard; sourceTree = "<group>"; };
		462E43431E4EC32F00482BD5 /* headSculpture.xcdatamodel */ = {isa = PBXFileReference; lastKnownFileType = wrapper.xcdatamodel; path = headSculpture.xcdatamodel; sourceTree = "<group>"; };
		462E43451E4EC32F00482BD5 /* Assets.xcassets */ = {isa = PBXFileReference; lastKnownFileType = folder.assetcatalog; path = Assets.xcassets; sourceTree = "<group>"; };
		462E43481E4EC32F00482BD5 /* Base */ = {isa = PBXFileReference; lastKnownFileType = file.storyboard; name = Base; path = Base.lproj/LaunchScreen.storyboard; sourceTree = "<group>"; };
		462E434A1E4EC32F00482BD5 /* Info.plist */ = {isa = PBXFileReference; lastKnownFileType = text.plist.xml; path = Info.plist; sourceTree = "<group>"; };
		462E434F1E4EC32F00482BD5 /* headSculptureUITests.xctest */ = {isa = PBXFileReference; explicitFileType = wrapper.cfbundle; includeInIndex = 0; path = headSculptureUITests.xctest; sourceTree = BUILT_PRODUCTS_DIR; };
		462E43531E4EC32F00482BD5 /* headSculptureUITests.swift */ = {isa = PBXFileReference; lastKnownFileType = sourcecode.swift; path = headSculptureUITests.swift; sourceTree = "<group>"; };
		462E43551E4EC32F00482BD5 /* Info.plist */ = {isa = PBXFileReference; lastKnownFileType = text.plist.xml; path = Info.plist; sourceTree = "<group>"; };
/* End PBXFileReference section */

/* Begin PBXFrameworksBuildPhase section */
		462E43351E4EC32F00482BD5 /* Frameworks */ = {
			isa = PBXFrameworksBuildPhase;
			buildActionMask = 2147483647;
			files = (
			);
			runOnlyForDeploymentPostprocessing = 0;
		};
		462E434C1E4EC32F00482BD5 /* Frameworks */ = {
			isa = PBXFrameworksBuildPhase;
			buildActionMask = 2147483647;
			files = (
			);
			runOnlyForDeploymentPostprocessing = 0;
		};
/* End PBXFrameworksBuildPhase section */

/* Begin PBXGroup section */
		462E432F1E4EC32F00482BD5 = {
			isa = PBXGroup;
			children = (
				462E433A1E4EC32F00482BD5 /* headSculpture */,
				462E43521E4EC32F00482BD5 /* headSculptureUITests */,
				462E43391E4EC32F00482BD5 /* Products */,
			);
			sourceTree = "<group>";
		};
		462E43391E4EC32F00482BD5 /* Products */ = {
			isa = PBXGroup;
			children = (
				462E43381E4EC32F00482BD5 /* headSculpture.app */,
				462E434F1E4EC32F00482BD5 /* headSculptureUITests.xctest */,
			);
			name = Products;
			sourceTree = "<group>";
		};
		462E433A1E4EC32F00482BD5 /* headSculpture */ = {
			isa = PBXGroup;
			children = (
				462E433B1E4EC32F00482BD5 /* AppDelegate.swift */,
				462E433D1E4EC32F00482BD5 /* ViewController.swift */,
				462E433F1E4EC32F00482BD5 /* Main.storyboard */,
				462E43451E4EC32F00482BD5 /* Assets.xcassets */,
				462E43471E4EC32F00482BD5 /* LaunchScreen.storyboard */,
				462E434A1E4EC32F00482BD5 /* Info.plist */,
				462E43421E4EC32F00482BD5 /* headSculpture.xcdatamodeld */,
			);
			path = headSculpture;
			sourceTree = "<group>";
		};
		462E43521E4EC32F00482BD5 /* headSculptureUITests */ = {
			isa = PBXGroup;
			children = (
				462E43531E4EC32F00482BD5 /* headSculptureUITests.swift */,
				462E43551E4EC32F00482BD5 /* Info.plist */,
			);
			path = headSculptureUITests;
			sourceTree = "<group>";
		};
/* End PBXGroup section */

/* Begin PBXNativeTarget section */
		462E43371E4EC32F00482BD5 /* headSculpture */ = {
			isa = PBXNativeTarget;
			buildConfigurationList = 462E43581E4EC32F00482BD5 /* Build configuration list for PBXNativeTarget "headSculpture" */;
			buildPhases = (
				462E43341E4EC32F00482BD5 /* Sources */,
				462E43351E4EC32F00482BD5 /* Frameworks */,
				462E43361E4EC32F00482BD5 /* Resources */,
			);
			buildRules = (
			);
			dependencies = (
			);
			name = headSculpture;
			productName = headSculpture;
			productReference = 462E43381E4EC32F00482BD5 /* headSculpture.app */;
			productType = "com.apple.product-type.application";
		};
		462E434E1E4EC32F00482BD5 /* headSculptureUITests */ = {
			isa = PBXNativeTarget;
			buildConfigurationList = 462E435B1E4EC32F00482BD5 /* Build configuration list for PBXNativeTarget "headSculptureUITests" */;
			buildPhases = (
				462E434B1E4EC32F00482BD5 /* Sources */,
				462E434C1E4EC32F00482BD5 /* Frameworks */,
				462E434D1E4EC32F00482BD5 /* Resources */,
			);
			buildRules = (
			);
			dependencies = (
				462E43511E4EC32F00482BD5 /* PBXTargetDependency */,
			);
			name = headSculptureUITests;
			productName = headSculptureUITests;
			productReference = 462E434F1E4EC32F00482BD5 /* headSculptureUITests.xctest */;
			productType = "com.apple.product-type.bundle.ui-testing";
		};
/* End PBXNativeTarget section */

/* Begin PBXProject section */
		462E43301E4EC32F00482BD5 /* Project object */ = {
			isa = PBXProject;
			attributes = {
				LastSwiftUpdateCheck = 0820;
				LastUpgradeCheck = 0820;
				ORGANIZATIONNAME = xiaomuzi;
				TargetAttributes = {
					462E43371E4EC32F00482BD5 = {
						CreatedOnToolsVersion = 8.2.1;
						DevelopmentTeam = 24XGJH48UL;
						ProvisioningStyle = Automatic;
					};
					462E434E1E4EC32F00482BD5 = {
						CreatedOnToolsVersion = 8.2.1;
						DevelopmentTeam = 24XGJH48UL;
						ProvisioningStyle = Automatic;
						TestTargetID = 462E43371E4EC32F00482BD5;
					};
				};
			};
			buildConfigurationList = 462E43331E4EC32F00482BD5 /* Build configuration list for PBXProject "headSculpture" */;
			compatibilityVersion = "Xcode 3.2";
			developmentRegion = English;
			hasScannedForEncodings = 0;
			knownRegions = (
				en,
				Base,
			);
			mainGroup = 462E432F1E4EC32F00482BD5;
			productRefGroup = 462E43391E4EC32F00482BD5 /* Products */;
			projectDirPath = "";
			projectRoot = "";
			targets = (
				462E43371E4EC32F00482BD5 /* headSculpture */,
				462E434E1E4EC32F00482BD5 /* headSculptureUITests */,
			);
		};
/* End PBXProject section */

/* Begin PBXResourcesBuildPhase section */
		462E43361E4EC32F00482BD5 /* Resources */ = {
			isa = PBXResourcesBuildPhase;
			buildActionMask = 2147483647;
			files = (
				462E43491E4EC32F00482BD5 /* LaunchScreen.storyboard in Resources */,
				462E43461E4EC32F00482BD5 /* Assets.xcassets in Resources */,
				462E43411E4EC32F00482BD5 /* Main.storyboard in Resources */,
			);
			runOnlyForDeploymentPostprocessing = 0;
		};
		462E434D1E4EC32F00482BD5 /* Resources */ = {
			isa = PBXResourcesBuildPhase;
			buildActionMask = 2147483647;
			files = (
			);
			runOnlyForDeploymentPostprocessing = 0;
		};
/* End PBXResourcesBuildPhase section */

/* Begin PBXSourcesBuildPhase section */
		462E43341E4EC32F00482BD5 /* Sources */ = {
			isa = PBXSourcesBuildPhase;
			buildActionMask = 2147483647;
			files = (
				462E433E1E4EC32F00482BD5 /* ViewController.swift in Sources */,
				462E43441E4EC32F00482BD5 /* headSculpture.xcdatamodeld in Sources */,
				462E433C1E4EC32F00482BD5 /* AppDelegate.swift in Sources */,
			);
			runOnlyForDeploymentPostprocessing = 0;
		};
		462E434B1E4EC32F00482BD5 /* Sources */ = {
			isa = PBXSourcesBuildPhase;
			buildActionMask = 2147483647;
			files = (
				462E43541E4EC32F00482BD5 /* headSculptureUITests.swift in Sources */,
			);
			runOnlyForDeploymentPostprocessing = 0;
		};
/* End PBXSourcesBuildPhase section */

/* Begin PBXTargetDependency section */
		462E43511E4EC32F00482BD5 /* PBXTargetDependency */ = {
			isa = PBXTargetDependency;
			target = 462E43371E4EC32F00482BD5 /* headSculpture */;
			targetProxy = 462E43501E4EC32F00482BD5 /* PBXContainerItemProxy */;
		};
/* End PBXTargetDependency section */

/* Begin PBXVariantGroup section */
		462E433F1E4EC32F00482BD5 /* Main.storyboard */ = {
			isa = PBXVariantGroup;
			children = (
				462E43401E4EC32F00482BD5 /* Base */,
			);
			name = Main.storyboard;
			sourceTree = "<group>";
		};
		462E43471E4EC32F00482BD5 /* LaunchScreen.storyboard */ = {
			isa = PBXVariantGroup;
			children = (
				462E43481E4EC32F00482BD5 /* Base */,
			);
			name = LaunchScreen.storyboard;
			sourceTree = "<group>";
		};
/* End PBXVariantGroup section */

/* Begin XCBuildConfiguration section */
		462E43561E4EC32F00482BD5 /* Debug */ = {
			isa = XCBuildConfiguration;
			buildSettings = {
				ALWAYS_SEARCH_USER_PATHS = NO;
				CLANG_ANALYZER_NONNULL = YES;
				CLANG_CXX_LANGUAGE_STANDARD = "gnu++0x";
				CLANG_CXX_LIBRARY = "libc++";
				CLANG_ENABLE_MODULES = YES;
				CLANG_ENABLE_OBJC_ARC = YES;
				CLANG_WARN_BOOL_CONVERSION = YES;
				CLANG_WARN_CONSTANT_CONVERSION = YES;
				CLANG_WARN_DIRECT_OBJC_ISA_USAGE = YES_ERROR;
				CLANG_WARN_DOCUMENTATION_COMMENTS = YES;
				CLANG_WARN_EMPTY_BODY = YES;
				CLANG_WARN_ENUM_CONVERSION = YES;
				CLANG_WARN_INFINITE_RECURSION = YES;
				CLANG_WARN_INT_CONVERSION = YES;
				CLANG_WARN_OBJC_ROOT_CLASS = YES_ERROR;
				CLANG_WARN_SUSPICIOUS_MOVE = YES;
				CLANG_WARN_UNREACHABLE_CODE = YES;
				CLANG_WARN__DUPLICATE_METHOD_MATCH = YES;
				"CODE_SIGN_IDENTITY[sdk=iphoneos*]" = "iPhone Developer";
				COPY_PHASE_STRIP = NO;
				DEBUG_INFORMATION_FORMAT = dwarf;
				ENABLE_STRICT_OBJC_MSGSEND = YES;
				ENABLE_TESTABILITY = YES;
				GCC_C_LANGUAGE_STANDARD = gnu99;
				GCC_DYNAMIC_NO_PIC = NO;
				GCC_NO_COMMON_BLOCKS = YES;
				GCC_OPTIMIZATION_LEVEL = 0;
				GCC_PREPROCESSOR_DEFINITIONS = (
					"DEBUG=1",
					"$(inherited)",
				);
				GCC_WARN_64_TO_32_BIT_CONVERSION = YES;
				GCC_WARN_ABOUT_RETURN_TYPE = YES_ERROR;
				GCC_WARN_UNDECLARED_SELECTOR = YES;
				GCC_WARN_UNINITIALIZED_AUTOS = YES_AGGRESSIVE;
				GCC_WARN_UNUSED_FUNCTION = YES;
				GCC_WARN_UNUSED_VARIABLE = YES;
				IPHONEOS_DEPLOYMENT_TARGET = 10.2;
				MTL_ENABLE_DEBUG_INFO = YES;
				ONLY_ACTIVE_ARCH = YES;
				SDKROOT = iphoneos;
				SWIFT_ACTIVE_COMPILATION_CONDITIONS = DEBUG;
				SWIFT_OPTIMIZATION_LEVEL = "-Onone";
			};
			name = Debug;
		};
		462E43571E4EC32F00482BD5 /* Release */ = {
			isa = XCBuildConfiguration;
			buildSettings = {
				ALWAYS_SEARCH_USER_PATHS = NO;
				CLANG_ANALYZER_NONNULL = YES;
				CLANG_CXX_LANGUAGE_STANDARD = "gnu++0x";
				CLANG_CXX_LIBRARY = "libc++";
				CLANG_ENABLE_MODULES = YES;
				CLANG_ENABLE_OBJC_ARC = YES;
				CLANG_WARN_BOOL_CONVERSION = YES;
				CLANG_WARN_CONSTANT_CONVERSION = YES;
				CLANG_WARN_DIRECT_OBJC_ISA_USAGE = YES_ERROR;
				CLANG_WARN_DOCUMENTATION_COMMENTS = YES;
				CLANG_WARN_EMPTY_BODY = YES;
				CLANG_WARN_ENUM_CONVERSION = YES;
				CLANG_WARN_INFINITE_RECURSION = YES;
				CLANG_WARN_INT_CONVERSION = YES;
				CLANG_WARN_OBJC_ROOT_CLASS = YES_ERROR;
				CLANG_WARN_SUSPICIOUS_MOVE = YES;
				CLANG_WARN_UNREACHABLE_CODE = YES;
				CLANG_WARN__DUPLICATE_METHOD_MATCH = YES;
				"CODE_SIGN_IDENTITY[sdk=iphoneos*]" = "iPhone Developer";
				COPY_PHASE_STRIP = NO;
				DEBUG_INFORMATION_FORMAT = "dwarf-with-dsym";
				ENABLE_NS_ASSERTIONS = NO;
				ENABLE_STRICT_OBJC_MSGSEND = YES;
				GCC_C_LANGUAGE_STANDARD = gnu99;
				GCC_NO_COMMON_BLOCKS = YES;
				GCC_WARN_64_TO_32_BIT_CONVERSION = YES;
				GCC_WARN_ABOUT_RETURN_TYPE = YES_ERROR;
				GCC_WARN_UNDECLARED_SELECTOR = YES;
				GCC_WARN_UNINITIALIZED_AUTOS = YES_AGGRESSIVE;
				GCC_WARN_UNUSED_FUNCTION = YES;
				GCC_WARN_UNUSED_VARIABLE = YES;
				IPHONEOS_DEPLOYMENT_TARGET = 10.2;
				MTL_ENABLE_DEBUG_INFO = NO;
				SDKROOT = iphoneos;
				SWIFT_OPTIMIZATION_LEVEL = "-Owholemodule";
				VALIDATE_PRODUCT = YES;
			};
			name = Release;
		};
		462E43591E4EC32F00482BD5 /* Debug */ = {
			isa = XCBuildConfiguration;
			buildSettings = {
				ASSETCATALOG_COMPILER_APPICON_NAME = AppIcon;
				DEVELOPMENT_TEAM = 24XGJH48UL;
				INFOPLIST_FILE = headSculpture/Info.plist;
				LD_RUNPATH_SEARCH_PATHS = "$(inherited) @executable_path/Frameworks";
				PRODUCT_BUNDLE_IDENTIFIER = xiaomuzi.headSculpture;
				PRODUCT_NAME = "$(TARGET_NAME)";
				SWIFT_VERSION = 3.0;
			};
			name = Debug;
		};
		462E435A1E4EC32F00482BD5 /* Release */ = {
			isa = XCBuildConfiguration;
			buildSettings = {
				ASSETCATALOG_COMPILER_APPICON_NAME = AppIcon;
				DEVELOPMENT_TEAM = 24XGJH48UL;
				INFOPLIST_FILE = headSculpture/Info.plist;
				LD_RUNPATH_SEARCH_PATHS = "$(inherited) @executable_path/Frameworks";
				PRODUCT_BUNDLE_IDENTIFIER = xiaomuzi.headSculpture;
				PRODUCT_NAME = "$(TARGET_NAME)";
				SWIFT_VERSION = 3.0;
			};
			name = Release;
		};
		462E435C1E4EC32F00482BD5 /* Debug */ = {
			isa = XCBuildConfiguration;
			buildSettings = {
				ALWAYS_EMBED_SWIFT_STANDARD_LIBRARIES = YES;
				DEVELOPMENT_TEAM = 24XGJH48UL;
				INFOPLIST_FILE = headSculptureUITests/Info.plist;
				LD_RUNPATH_SEARCH_PATHS = "$(inherited) @executable_path/Frameworks @loader_path/Frameworks";
				PRODUCT_BUNDLE_IDENTIFIER = xiaomuzi.headSculptureUITests;
				PRODUCT_NAME = "$(TARGET_NAME)";
				SWIFT_VERSION = 3.0;
				TEST_TARGET_NAME = headSculpture;
			};
			name = Debug;
		};
		462E435D1E4EC32F00482BD5 /* Release */ = {
			isa = XCBuildConfiguration;
			buildSettings = {
				ALWAYS_EMBED_SWIFT_STANDARD_LIBRARIES = YES;
				DEVELOPMENT_TEAM = 24XGJH48UL;
				INFOPLIST_FILE = headSculptureUITests/Info.plist;
				LD_RUNPATH_SEARCH_PATHS = "$(inherited) @executable_path/Frameworks @loader_path/Frameworks";
				PRODUCT_BUNDLE_IDENTIFIER = xiaomuzi.headSculptureUITests;
				PRODUCT_NAME = "$(TARGET_NAME)";
				SWIFT_VERSION = 3.0;
				TEST_TARGET_NAME = headSculpture;
			};
			name = Release;
		};
/* End XCBuildConfiguration section */

/* Begin XCConfigurationList section */
		462E43331E4EC32F00482BD5 /* Build configuration list for PBXProject "headSculpture" */ = {
			isa = XCConfigurationList;
			buildConfigurations = (
				462E43561E4EC32F00482BD5 /* Debug */,
				462E43571E4EC32F00482BD5 /* Release */,
			);
			defaultConfigurationIsVisible = 0;
			defaultConfigurationName = Release;
		};
		462E43581E4EC32F00482BD5 /* Build configuration list for PBXNativeTarget "headSculpture" */ = {
			isa = XCConfigurationList;
			buildConfigurations = (
				462E43591E4EC32F00482BD5 /* Debug */,
				462E435A1E4EC32F00482BD5 /* Release */,
			);
			defaultConfigurationIsVisible = 0;
		};
		462E435B1E4EC32F00482BD5 /* Build configuration list for PBXNativeTarget "headSculptureUITests" */ = {
			isa = XCConfigurationList;
			buildConfigurations = (
				462E435C1E4EC32F00482BD5 /* Debug */,
				462E435D1E4EC32F00482BD5 /* Release */,
			);
			defaultConfigurationIsVisible = 0;
		};
/* End XCConfigurationList section */

/* Begin XCVersionGroup section */
		462E43421E4EC32F00482BD5 /* headSculpture.xcdatamodeld */ = {
			isa = XCVersionGroup;
			children = (
				462E43431E4EC32F00482BD5 /* headSculpture.xcdatamodel */,
			);
			currentVersion = 462E43431E4EC32F00482BD5 /* headSculpture.xcdatamodel */;
			path = headSculpture.xcdatamodeld;
			sourceTree = "<group>";
			versionGroupType = wrapper.xcdatamodel;
		};
/* End XCVersionGroup section */
	};
	rootObject = 462E43301E4EC32F00482BD5 /* Project object */;
}
